
Microsoft Visual Studio Solution File, Format Version 12.00
# Visual Studio 15
VisualStudioVersion = 15.0.27004.2006
MinimumVisualStudioVersion = 10.0.40219.1
Project("{FAE04EC0-301F-11D3-BF4B-00C04F79EFBC}") = "WebApp", "WebApp\WebApp.csproj", "{4BA8EE24-A5D9-420C-B9E8-66E8338099BB}"
EndProject
Global
	GlobalSection(SolutionConfigurationPlatforms) = preSolution
		Debug|Any CPU = Debug|Any CPU
		Release|Any CPU = Release|Any CPU
	EndGlobalSection
	GlobalSection(ProjectConfigurationPlatforms) = postSolution
		{4BA8EE24-A5D9-420C-B9E8-66E8338099BB}.Debug|Any CPU.ActiveCfg = Debug|Any CPU
		{4BA8EE24-A5D9-420C-B9E8-66E8338099BB}.Debug|Any CPU.Build.0 = Debug|Any CPU
		{4BA8EE24-A5D9-420C-B9E8-66E8338099BB}.Release|Any CPU.ActiveCfg = Release|Any CPU
		{4BA8EE24-A5D9-420C-B9E8-66E8338099BB}.Release|Any CPU.Build.0 = Release|Any CPU
	EndGlobalSection
	GlobalSection(SolutionProperties) = preSolution
		HideSolutionNode = FALSE
	EndGlobalSection
	GlobalSection(ExtensibilityGlobals) = postSolution
		SolutionGuid = {54CB8828-9D4F-4A78-8336-C494AFDBD4FC}
	EndGlobalSection
EndGlobal
